
Microsoft Visual Studio Solution File, Format Version 12.00
# Visual Studio Version 17
VisualStudioVersion = 17.3.32929.385
MinimumVisualStudioVersion = 10.0.40219.1
Project("{FAE04EC0-301F-11D3-BF4B-00C04F79EFBC}") = "LoginPage__WEB", "LoginPage__WEB.csproj", "{6B1B0B9D-B191-4B06-8D68-1074B38C0278}"
EndProject
Global
	GlobalSection(SolutionConfigurationPlatforms) = preSolution
		Debug|Any CPU = Debug|Any CPU
		Release|Any CPU = Release|Any CPU
	EndGlobalSection
	GlobalSection(ProjectConfigurationPlatforms) = postSolution
		{6B1B0B9D-B191-4B06-8D68-1074B38C0278}.Debug|Any CPU.ActiveCfg = Debug|Any CPU
		{6B1B0B9D-B191-4B06-8D68-1074B38C0278}.Debug|Any CPU.Build.0 = Debug|Any CPU
		{6B1B0B9D-B191-4B06-8D68-1074B38C0278}.Release|Any CPU.ActiveCfg = Release|Any CPU
		{6B1B0B9D-B191-4B06-8D68-1074B38C0278}.Release|Any CPU.Build.0 = Release|Any CPU
	EndGlobalSection
	GlobalSection(SolutionProperties) = preSolution
		HideSolutionNode = FALSE
	EndGlobalSection
	GlobalSection(ExtensibilityGlobals) = postSolution
		SolutionGuid = {95DE5797-2591-4029-9B3C-C272670688AF}
	EndGlobalSection
EndGlobal
